
Microsoft Visual Studio Solution File, Format Version 12.00
# Visual Studio Version 16
VisualStudioVersion = 16.0.30907.101
MinimumVisualStudioVersion = 10.0.40219.1
Project("{FAE04EC0-301F-11D3-BF4B-00C04F79EFBC}") = "Lab_Objects_and_Classes", "Lab_Objects_and_Classes.csproj", "{9D7161DA-707A-4353-A90A-A433EE159062}"
EndProject
Global
	GlobalSection(SolutionConfigurationPlatforms) = preSolution
		Debug|Any CPU = Debug|Any CPU
		Release|Any CPU = Release|Any CPU
	EndGlobalSection
	GlobalSection(ProjectConfigurationPlatforms) = postSolution
		{9D7161DA-707A-4353-A90A-A433EE159062}.Debug|Any CPU.ActiveCfg = Debug|Any CPU
		{9D7161DA-707A-4353-A90A-A433EE159062}.Debug|Any CPU.Build.0 = Debug|Any CPU
		{9D7161DA-707A-4353-A90A-A433EE159062}.Release|Any CPU.ActiveCfg = Release|Any CPU
		{9D7161DA-707A-4353-A90A-A433EE159062}.Release|Any CPU.Build.0 = Release|Any CPU
	EndGlobalSection
	GlobalSection(SolutionProperties) = preSolution
		HideSolutionNode = FALSE
	EndGlobalSection
	GlobalSection(ExtensibilityGlobals) = postSolution
		SolutionGuid = {4F4082D4-9FE4-43CC-A844-2452B6992D53}
	EndGlobalSection
EndGlobal
