
Microsoft Visual Studio Solution File, Format Version 12.00
# Visual Studio Version 16
VisualStudioVersion = 16.0.30523.141
MinimumVisualStudioVersion = 10.0.40219.1
Project("{FAE04EC0-301F-11D3-BF4B-00C04F79EFBC}") = "House-1", "House-1.csproj", "{DEC7C0E8-0646-4C7A-9B5F-4616994DC25D}"
EndProject
Global
	GlobalSection(SolutionConfigurationPlatforms) = preSolution
		Debug|Any CPU = Debug|Any CPU
		Release|Any CPU = Release|Any CPU
	EndGlobalSection
	GlobalSection(ProjectConfigurationPlatforms) = postSolution
		{DEC7C0E8-0646-4C7A-9B5F-4616994DC25D}.Debug|Any CPU.ActiveCfg = Debug|Any CPU
		{DEC7C0E8-0646-4C7A-9B5F-4616994DC25D}.Debug|Any CPU.Build.0 = Debug|Any CPU
		{DEC7C0E8-0646-4C7A-9B5F-4616994DC25D}.Release|Any CPU.ActiveCfg = Release|Any CPU
		{DEC7C0E8-0646-4C7A-9B5F-4616994DC25D}.Release|Any CPU.Build.0 = Release|Any CPU
	EndGlobalSection
	GlobalSection(SolutionProperties) = preSolution
		HideSolutionNode = FALSE
	EndGlobalSection
	GlobalSection(ExtensibilityGlobals) = postSolution
		SolutionGuid = {9CDE4C2E-F161-47DD-A525-59DB058F7F6D}
	EndGlobalSection
EndGlobal
