
Microsoft Visual Studio Solution File, Format Version 12.00
# Visual Studio Version 16
VisualStudioVersion = 16.0.30413.136
MinimumVisualStudioVersion = 10.0.40219.1
Project("{FAE04EC0-301F-11D3-BF4B-00C04F79EFBC}") = "Demo2.0", "Demo2.0.csproj", "{FBF504D1-039C-48FD-B667-F7102395B652}"
EndProject
Global
	GlobalSection(SolutionConfigurationPlatforms) = preSolution
		Debug|Any CPU = Debug|Any CPU
		Release|Any CPU = Release|Any CPU
	EndGlobalSection
	GlobalSection(ProjectConfigurationPlatforms) = postSolution
		{FBF504D1-039C-48FD-B667-F7102395B652}.Debug|Any CPU.ActiveCfg = Debug|Any CPU
		{FBF504D1-039C-48FD-B667-F7102395B652}.Debug|Any CPU.Build.0 = Debug|Any CPU
		{FBF504D1-039C-48FD-B667-F7102395B652}.Release|Any CPU.ActiveCfg = Release|Any CPU
		{FBF504D1-039C-48FD-B667-F7102395B652}.Release|Any CPU.Build.0 = Release|Any CPU
	EndGlobalSection
	GlobalSection(SolutionProperties) = preSolution
		HideSolutionNode = FALSE
	EndGlobalSection
	GlobalSection(ExtensibilityGlobals) = postSolution
		SolutionGuid = {3B943836-BCDF-4C4B-AEBF-EDD5DAC30D50}
	EndGlobalSection
EndGlobal
