
Microsoft Visual Studio Solution File, Format Version 12.00
# Visual Studio Version 16
VisualStudioVersion = 16.0.30128.74
MinimumVisualStudioVersion = 10.0.40219.1
Project("{9A19103F-16F7-4668-BE54-9A1E7A4F7556}") = "ConsoleApp8!", "ConsoleApp8!.csproj", "{D5DB85CE-BD6A-40AF-B06E-2CD23A60609D}"
EndProject
Project("{FAE04EC0-301F-11D3-BF4B-00C04F79EFBC}") = "sw", "..\sw\sw.csproj", "{665480E5-B738-47FE-B6E8-928FE64A43BB}"
EndProject
Global
	GlobalSection(SolutionConfigurationPlatforms) = preSolution
		Debug|Any CPU = Debug|Any CPU
		Release|Any CPU = Release|Any CPU
	EndGlobalSection
	GlobalSection(ProjectConfigurationPlatforms) = postSolution
		{D5DB85CE-BD6A-40AF-B06E-2CD23A60609D}.Debug|Any CPU.ActiveCfg = Debug|Any CPU
		{D5DB85CE-BD6A-40AF-B06E-2CD23A60609D}.Debug|Any CPU.Build.0 = Debug|Any CPU
		{D5DB85CE-BD6A-40AF-B06E-2CD23A60609D}.Release|Any CPU.ActiveCfg = Release|Any CPU
		{D5DB85CE-BD6A-40AF-B06E-2CD23A60609D}.Release|Any CPU.Build.0 = Release|Any CPU
		{665480E5-B738-47FE-B6E8-928FE64A43BB}.Debug|Any CPU.ActiveCfg = Debug|Any CPU
		{665480E5-B738-47FE-B6E8-928FE64A43BB}.Debug|Any CPU.Build.0 = Debug|Any CPU
		{665480E5-B738-47FE-B6E8-928FE64A43BB}.Release|Any CPU.ActiveCfg = Release|Any CPU
		{665480E5-B738-47FE-B6E8-928FE64A43BB}.Release|Any CPU.Build.0 = Release|Any CPU
	EndGlobalSection
	GlobalSection(SolutionProperties) = preSolution
		HideSolutionNode = FALSE
	EndGlobalSection
	GlobalSection(ExtensibilityGlobals) = postSolution
		SolutionGuid = {FB86D785-62C7-4144-A709-FCF327E06DA1}
	EndGlobalSection
EndGlobal
