
Microsoft Visual Studio Solution File, Format Version 12.00
# Visual Studio Version 16
VisualStudioVersion = 16.0.29806.167
MinimumVisualStudioVersion = 10.0.40219.1
Project("{FAE04EC0-301F-11D3-BF4B-00C04F79EFBC}") = "dvor", "dvor.csproj", "{38E8CF13-29F4-4AF4-BF00-729F91720434}"
EndProject
Global
	GlobalSection(SolutionConfigurationPlatforms) = preSolution
		Debug|Any CPU = Debug|Any CPU
		Release|Any CPU = Release|Any CPU
	EndGlobalSection
	GlobalSection(ProjectConfigurationPlatforms) = postSolution
		{38E8CF13-29F4-4AF4-BF00-729F91720434}.Debug|Any CPU.ActiveCfg = Debug|Any CPU
		{38E8CF13-29F4-4AF4-BF00-729F91720434}.Debug|Any CPU.Build.0 = Debug|Any CPU
		{38E8CF13-29F4-4AF4-BF00-729F91720434}.Release|Any CPU.ActiveCfg = Release|Any CPU
		{38E8CF13-29F4-4AF4-BF00-729F91720434}.Release|Any CPU.Build.0 = Release|Any CPU
	EndGlobalSection
	GlobalSection(SolutionProperties) = preSolution
		HideSolutionNode = FALSE
	EndGlobalSection
	GlobalSection(ExtensibilityGlobals) = postSolution
		SolutionGuid = {8EA58016-A5E3-47FE-B2AC-CEDDE0EFF5FC}
	EndGlobalSection
EndGlobal
