
Microsoft Visual Studio Solution File, Format Version 12.00
# Visual Studio Version 16
VisualStudioVersion = 16.0.30503.244
MinimumVisualStudioVersion = 10.0.40219.1
Project("{FAE04EC0-301F-11D3-BF4B-00C04F79EFBC}") = "преговор", "преговор.csproj", "{8E21CC19-8DEF-443A-8A64-6DFF2D766CFA}"
EndProject
Project("{FAE04EC0-301F-11D3-BF4B-00C04F79EFBC}") = "преговор1", "..\преговор1\преговор1.csproj", "{407880E9-2023-4F58-996A-3FF193B775C4}"
EndProject
Project("{FAE04EC0-301F-11D3-BF4B-00C04F79EFBC}") = "Преговор2", "..\Преговор2\Преговор2.csproj", "{140F3F23-16E4-48FB-814C-E57C6EC32196}"
EndProject
Global
	GlobalSection(SolutionConfigurationPlatforms) = preSolution
		Debug|Any CPU = Debug|Any CPU
		Release|Any CPU = Release|Any CPU
	EndGlobalSection
	GlobalSection(ProjectConfigurationPlatforms) = postSolution
		{8E21CC19-8DEF-443A-8A64-6DFF2D766CFA}.Debug|Any CPU.ActiveCfg = Debug|Any CPU
		{8E21CC19-8DEF-443A-8A64-6DFF2D766CFA}.Debug|Any CPU.Build.0 = Debug|Any CPU
		{8E21CC19-8DEF-443A-8A64-6DFF2D766CFA}.Release|Any CPU.ActiveCfg = Release|Any CPU
		{8E21CC19-8DEF-443A-8A64-6DFF2D766CFA}.Release|Any CPU.Build.0 = Release|Any CPU
		{407880E9-2023-4F58-996A-3FF193B775C4}.Debug|Any CPU.ActiveCfg = Debug|Any CPU
		{407880E9-2023-4F58-996A-3FF193B775C4}.Debug|Any CPU.Build.0 = Debug|Any CPU
		{407880E9-2023-4F58-996A-3FF193B775C4}.Release|Any CPU.ActiveCfg = Release|Any CPU
		{407880E9-2023-4F58-996A-3FF193B775C4}.Release|Any CPU.Build.0 = Release|Any CPU
		{140F3F23-16E4-48FB-814C-E57C6EC32196}.Debug|Any CPU.ActiveCfg = Debug|Any CPU
		{140F3F23-16E4-48FB-814C-E57C6EC32196}.Debug|Any CPU.Build.0 = Debug|Any CPU
		{140F3F23-16E4-48FB-814C-E57C6EC32196}.Release|Any CPU.ActiveCfg = Release|Any CPU
		{140F3F23-16E4-48FB-814C-E57C6EC32196}.Release|Any CPU.Build.0 = Release|Any CPU
	EndGlobalSection
	GlobalSection(SolutionProperties) = preSolution
		HideSolutionNode = FALSE
	EndGlobalSection
	GlobalSection(ExtensibilityGlobals) = postSolution
		SolutionGuid = {CB8ABD5B-3847-43F2-95F6-43D0BD5A9C6C}
	EndGlobalSection
EndGlobal
