
Microsoft Visual Studio Solution File, Format Version 12.00
# Visual Studio Version 16
VisualStudioVersion = 16.0.31402.337
MinimumVisualStudioVersion = 10.0.40219.1
Project("{9A19103F-16F7-4668-BE54-9A1E7A4F7556}") = "SongsQueue", "SongsQueue.csproj", "{0FFBAE32-E0A2-4913-B939-7D76D0869419}"
EndProject
Global
	GlobalSection(SolutionConfigurationPlatforms) = preSolution
		Debug|Any CPU = Debug|Any CPU
		Release|Any CPU = Release|Any CPU
	EndGlobalSection
	GlobalSection(ProjectConfigurationPlatforms) = postSolution
		{0FFBAE32-E0A2-4913-B939-7D76D0869419}.Debug|Any CPU.ActiveCfg = Debug|Any CPU
		{0FFBAE32-E0A2-4913-B939-7D76D0869419}.Debug|Any CPU.Build.0 = Debug|Any CPU
		{0FFBAE32-E0A2-4913-B939-7D76D0869419}.Release|Any CPU.ActiveCfg = Release|Any CPU
		{0FFBAE32-E0A2-4913-B939-7D76D0869419}.Release|Any CPU.Build.0 = Release|Any CPU
	EndGlobalSection
	GlobalSection(SolutionProperties) = preSolution
		HideSolutionNode = FALSE
	EndGlobalSection
	GlobalSection(ExtensibilityGlobals) = postSolution
		SolutionGuid = {DCA56BCB-52B6-4F21-8B32-9D925750AA0C}
	EndGlobalSection
EndGlobal
