
Microsoft Visual Studio Solution File, Format Version 12.00
# Visual Studio Version 16
VisualStudioVersion = 16.0.31205.134
MinimumVisualStudioVersion = 10.0.40219.1
Project("{9A19103F-16F7-4668-BE54-9A1E7A4F7556}") = "BasicQueueOperations", "..\BasicQueueOperations\BasicQueueOperations.csproj", "{8B147324-3A80-4E10-8BFC-C4C5D86A7AB5}"
EndProject
Project("{9A19103F-16F7-4668-BE54-9A1E7A4F7556}") = "MaximumAndMinimumElement", "..\MaximumAndMinimumElement\MaximumAndMinimumElement.csproj", "{3DA7B5BD-A2C7-4C7F-9482-E31B04DB422C}"
EndProject
Project("{9A19103F-16F7-4668-BE54-9A1E7A4F7556}") = "FashionBoutique", "..\FashionBoutique\FashionBoutique.csproj", "{B347FD98-0682-469A-9C46-E4488C8D5D7A}"
EndProject
Project("{9A19103F-16F7-4668-BE54-9A1E7A4F7556}") = "SongsQueue", "..\SongsQueue\SongsQueue.csproj", "{A620359F-384A-4125-94F6-69A91B96092D}"
EndProject
Project("{FAE04EC0-301F-11D3-BF4B-00C04F79EFBC}") = "TruckTour", "TruckTour\TruckTour.csproj", "{E4D5B84F-C307-4F72-B472-46EF7F73CDCD}"
EndProject
Global
	GlobalSection(SolutionConfigurationPlatforms) = preSolution
		Debug|Any CPU = Debug|Any CPU
		Release|Any CPU = Release|Any CPU
	EndGlobalSection
	GlobalSection(ProjectConfigurationPlatforms) = postSolution
		{8B147324-3A80-4E10-8BFC-C4C5D86A7AB5}.Debug|Any CPU.ActiveCfg = Debug|Any CPU
		{8B147324-3A80-4E10-8BFC-C4C5D86A7AB5}.Debug|Any CPU.Build.0 = Debug|Any CPU
		{8B147324-3A80-4E10-8BFC-C4C5D86A7AB5}.Release|Any CPU.ActiveCfg = Release|Any CPU
		{8B147324-3A80-4E10-8BFC-C4C5D86A7AB5}.Release|Any CPU.Build.0 = Release|Any CPU
		{3DA7B5BD-A2C7-4C7F-9482-E31B04DB422C}.Debug|Any CPU.ActiveCfg = Debug|Any CPU
		{3DA7B5BD-A2C7-4C7F-9482-E31B04DB422C}.Debug|Any CPU.Build.0 = Debug|Any CPU
		{3DA7B5BD-A2C7-4C7F-9482-E31B04DB422C}.Release|Any CPU.ActiveCfg = Release|Any CPU
		{3DA7B5BD-A2C7-4C7F-9482-E31B04DB422C}.Release|Any CPU.Build.0 = Release|Any CPU
		{B347FD98-0682-469A-9C46-E4488C8D5D7A}.Debug|Any CPU.ActiveCfg = Debug|Any CPU
		{B347FD98-0682-469A-9C46-E4488C8D5D7A}.Debug|Any CPU.Build.0 = Debug|Any CPU
		{B347FD98-0682-469A-9C46-E4488C8D5D7A}.Release|Any CPU.ActiveCfg = Release|Any CPU
		{B347FD98-0682-469A-9C46-E4488C8D5D7A}.Release|Any CPU.Build.0 = Release|Any CPU
		{A620359F-384A-4125-94F6-69A91B96092D}.Debug|Any CPU.ActiveCfg = Debug|Any CPU
		{A620359F-384A-4125-94F6-69A91B96092D}.Debug|Any CPU.Build.0 = Debug|Any CPU
		{A620359F-384A-4125-94F6-69A91B96092D}.Release|Any CPU.ActiveCfg = Release|Any CPU
		{A620359F-384A-4125-94F6-69A91B96092D}.Release|Any CPU.Build.0 = Release|Any CPU
		{E4D5B84F-C307-4F72-B472-46EF7F73CDCD}.Debug|Any CPU.ActiveCfg = Debug|Any CPU
		{E4D5B84F-C307-4F72-B472-46EF7F73CDCD}.Debug|Any CPU.Build.0 = Debug|Any CPU
		{E4D5B84F-C307-4F72-B472-46EF7F73CDCD}.Release|Any CPU.ActiveCfg = Release|Any CPU
		{E4D5B84F-C307-4F72-B472-46EF7F73CDCD}.Release|Any CPU.Build.0 = Release|Any CPU
	EndGlobalSection
	GlobalSection(SolutionProperties) = preSolution
		HideSolutionNode = FALSE
	EndGlobalSection
	GlobalSection(ExtensibilityGlobals) = postSolution
		SolutionGuid = {768A5CEE-E255-40CC-BE8C-610EB0F46B38}
	EndGlobalSection
EndGlobal
