
Microsoft Visual Studio Solution File, Format Version 12.00
# Visual Studio Version 16
VisualStudioVersion = 16.0.30621.155
MinimumVisualStudioVersion = 10.0.40219.1
Project("{FAE04EC0-301F-11D3-BF4B-00C04F79EFBC}") = "Типоведанни", "Типоведанни.csproj", "{1A4F602D-65AC-4B4D-A90F-577ADF5FDB3C}"
EndProject
Project("{FAE04EC0-301F-11D3-BF4B-00C04F79EFBC}") = "Тепавуданни2", "..\Тепавуданни2\Тепавуданни2.csproj", "{CCA662CD-D123-460D-8EA6-D0E42915329E}"
EndProject
Project("{FAE04EC0-301F-11D3-BF4B-00C04F79EFBC}") = "Типоведанни3", "..\Типоведанни3\Типоведанни3.csproj", "{AE0A9890-EAD0-4EEA-8B12-FAA48F111E1E}"
EndProject
Project("{FAE04EC0-301F-11D3-BF4B-00C04F79EFBC}") = "Типоведанни4", "..\Типоведанни4\Типоведанни4.csproj", "{FFBD0F9A-1A4C-445C-AF3A-40A6C941A51B}"
EndProject
Global
	GlobalSection(SolutionConfigurationPlatforms) = preSolution
		Debug|Any CPU = Debug|Any CPU
		Release|Any CPU = Release|Any CPU
	EndGlobalSection
	GlobalSection(ProjectConfigurationPlatforms) = postSolution
		{1A4F602D-65AC-4B4D-A90F-577ADF5FDB3C}.Debug|Any CPU.ActiveCfg = Debug|Any CPU
		{1A4F602D-65AC-4B4D-A90F-577ADF5FDB3C}.Debug|Any CPU.Build.0 = Debug|Any CPU
		{1A4F602D-65AC-4B4D-A90F-577ADF5FDB3C}.Release|Any CPU.ActiveCfg = Release|Any CPU
		{1A4F602D-65AC-4B4D-A90F-577ADF5FDB3C}.Release|Any CPU.Build.0 = Release|Any CPU
		{CCA662CD-D123-460D-8EA6-D0E42915329E}.Debug|Any CPU.ActiveCfg = Debug|Any CPU
		{CCA662CD-D123-460D-8EA6-D0E42915329E}.Debug|Any CPU.Build.0 = Debug|Any CPU
		{CCA662CD-D123-460D-8EA6-D0E42915329E}.Release|Any CPU.ActiveCfg = Release|Any CPU
		{CCA662CD-D123-460D-8EA6-D0E42915329E}.Release|Any CPU.Build.0 = Release|Any CPU
		{AE0A9890-EAD0-4EEA-8B12-FAA48F111E1E}.Debug|Any CPU.ActiveCfg = Debug|Any CPU
		{AE0A9890-EAD0-4EEA-8B12-FAA48F111E1E}.Debug|Any CPU.Build.0 = Debug|Any CPU
		{AE0A9890-EAD0-4EEA-8B12-FAA48F111E1E}.Release|Any CPU.ActiveCfg = Release|Any CPU
		{AE0A9890-EAD0-4EEA-8B12-FAA48F111E1E}.Release|Any CPU.Build.0 = Release|Any CPU
		{FFBD0F9A-1A4C-445C-AF3A-40A6C941A51B}.Debug|Any CPU.ActiveCfg = Debug|Any CPU
		{FFBD0F9A-1A4C-445C-AF3A-40A6C941A51B}.Debug|Any CPU.Build.0 = Debug|Any CPU
		{FFBD0F9A-1A4C-445C-AF3A-40A6C941A51B}.Release|Any CPU.ActiveCfg = Release|Any CPU
		{FFBD0F9A-1A4C-445C-AF3A-40A6C941A51B}.Release|Any CPU.Build.0 = Release|Any CPU
	EndGlobalSection
	GlobalSection(SolutionProperties) = preSolution
		HideSolutionNode = FALSE
	EndGlobalSection
	GlobalSection(ExtensibilityGlobals) = postSolution
		SolutionGuid = {33B8D993-4DC1-41B8-B9A7-23F9E6228F98}
	EndGlobalSection
EndGlobal
