
Microsoft Visual Studio Solution File, Format Version 12.00
# Visual Studio Version 16
VisualStudioVersion = 16.0.30128.74
MinimumVisualStudioVersion = 10.0.40219.1
Project("{FAE04EC0-301F-11D3-BF4B-00C04F79EFBC}") = "NUnitTestProject3", "NUnitTestProject3.csproj", "{21EDCC2E-C2FD-4B30-9745-6B0CDBB99A2D}"
EndProject
Global
	GlobalSection(SolutionConfigurationPlatforms) = preSolution
		Debug|Any CPU = Debug|Any CPU
		Release|Any CPU = Release|Any CPU
	EndGlobalSection
	GlobalSection(ProjectConfigurationPlatforms) = postSolution
		{21EDCC2E-C2FD-4B30-9745-6B0CDBB99A2D}.Debug|Any CPU.ActiveCfg = Debug|Any CPU
		{21EDCC2E-C2FD-4B30-9745-6B0CDBB99A2D}.Debug|Any CPU.Build.0 = Debug|Any CPU
		{21EDCC2E-C2FD-4B30-9745-6B0CDBB99A2D}.Release|Any CPU.ActiveCfg = Release|Any CPU
		{21EDCC2E-C2FD-4B30-9745-6B0CDBB99A2D}.Release|Any CPU.Build.0 = Release|Any CPU
	EndGlobalSection
	GlobalSection(SolutionProperties) = preSolution
		HideSolutionNode = FALSE
	EndGlobalSection
	GlobalSection(ExtensibilityGlobals) = postSolution
		SolutionGuid = {EF0C88C3-6A13-4B0D-A6FE-526E96BB273A}
	EndGlobalSection
EndGlobal
