
Microsoft Visual Studio Solution File, Format Version 12.00
# Visual Studio Version 16
VisualStudioVersion = 16.0.30621.155
MinimumVisualStudioVersion = 10.0.40219.1
Project("{FAE04EC0-301F-11D3-BF4B-00C04F79EFBC}") = "consylta4.11.2020", "consylta4.11.2020.csproj", "{6ED575C9-2437-44CD-9754-8F2260684235}"
EndProject
Global
	GlobalSection(SolutionConfigurationPlatforms) = preSolution
		Debug|Any CPU = Debug|Any CPU
		Release|Any CPU = Release|Any CPU
	EndGlobalSection
	GlobalSection(ProjectConfigurationPlatforms) = postSolution
		{6ED575C9-2437-44CD-9754-8F2260684235}.Debug|Any CPU.ActiveCfg = Debug|Any CPU
		{6ED575C9-2437-44CD-9754-8F2260684235}.Debug|Any CPU.Build.0 = Debug|Any CPU
		{6ED575C9-2437-44CD-9754-8F2260684235}.Release|Any CPU.ActiveCfg = Release|Any CPU
		{6ED575C9-2437-44CD-9754-8F2260684235}.Release|Any CPU.Build.0 = Release|Any CPU
	EndGlobalSection
	GlobalSection(SolutionProperties) = preSolution
		HideSolutionNode = FALSE
	EndGlobalSection
	GlobalSection(ExtensibilityGlobals) = postSolution
		SolutionGuid = {2B136AF1-8228-4B33-BA53-7BFA2C92C91C}
	EndGlobalSection
EndGlobal
