
Microsoft Visual Studio Solution File, Format Version 12.00
# Visual Studio Version 16
VisualStudioVersion = 16.0.30709.132
MinimumVisualStudioVersion = 10.0.40219.1
Project("{9A19103F-16F7-4668-BE54-9A1E7A4F7556}") = "MoreExercisesArrays", "MoreExercisesArrays.csproj", "{6C046492-2D45-44B0-A3FD-55FDDB78D936}"
EndProject
Project("{9A19103F-16F7-4668-BE54-9A1E7A4F7556}") = "PascalTriangle", "..\PascalTriangle\PascalTriangle.csproj", "{A5B7C665-7B5D-46C6-9B19-686B9043DD88}"
EndProject
Project("{9A19103F-16F7-4668-BE54-9A1E7A4F7556}") = "RecursiveFibonacci", "..\RecursiveFibonacci\RecursiveFibonacci.csproj", "{BAA4B58F-2D3C-4402-9BED-7A5A48EAA13D}"
EndProject
Project("{9A19103F-16F7-4668-BE54-9A1E7A4F7556}") = "FoldandSum", "..\FoldandSum\FoldandSum.csproj", "{3467B3B3-FDDB-4E28-B710-AC247887BDDA}"
EndProject
Project("{FAE04EC0-301F-11D3-BF4B-00C04F79EFBC}") = "LongestLncreasingSubsequence(LIS)", "..\LongestLncreasingSubsequence(LIS)\LongestLncreasingSubsequence(LIS).csproj", "{0038DCEE-543F-49BE-A2CC-788E82BA0534}"
EndProject
Global
	GlobalSection(SolutionConfigurationPlatforms) = preSolution
		Debug|Any CPU = Debug|Any CPU
		Release|Any CPU = Release|Any CPU
	EndGlobalSection
	GlobalSection(ProjectConfigurationPlatforms) = postSolution
		{6C046492-2D45-44B0-A3FD-55FDDB78D936}.Debug|Any CPU.ActiveCfg = Debug|Any CPU
		{6C046492-2D45-44B0-A3FD-55FDDB78D936}.Debug|Any CPU.Build.0 = Debug|Any CPU
		{6C046492-2D45-44B0-A3FD-55FDDB78D936}.Release|Any CPU.ActiveCfg = Release|Any CPU
		{6C046492-2D45-44B0-A3FD-55FDDB78D936}.Release|Any CPU.Build.0 = Release|Any CPU
		{A5B7C665-7B5D-46C6-9B19-686B9043DD88}.Debug|Any CPU.ActiveCfg = Debug|Any CPU
		{A5B7C665-7B5D-46C6-9B19-686B9043DD88}.Debug|Any CPU.Build.0 = Debug|Any CPU
		{A5B7C665-7B5D-46C6-9B19-686B9043DD88}.Release|Any CPU.ActiveCfg = Release|Any CPU
		{A5B7C665-7B5D-46C6-9B19-686B9043DD88}.Release|Any CPU.Build.0 = Release|Any CPU
		{BAA4B58F-2D3C-4402-9BED-7A5A48EAA13D}.Debug|Any CPU.ActiveCfg = Debug|Any CPU
		{BAA4B58F-2D3C-4402-9BED-7A5A48EAA13D}.Debug|Any CPU.Build.0 = Debug|Any CPU
		{BAA4B58F-2D3C-4402-9BED-7A5A48EAA13D}.Release|Any CPU.ActiveCfg = Release|Any CPU
		{BAA4B58F-2D3C-4402-9BED-7A5A48EAA13D}.Release|Any CPU.Build.0 = Release|Any CPU
		{3467B3B3-FDDB-4E28-B710-AC247887BDDA}.Debug|Any CPU.ActiveCfg = Debug|Any CPU
		{3467B3B3-FDDB-4E28-B710-AC247887BDDA}.Debug|Any CPU.Build.0 = Debug|Any CPU
		{3467B3B3-FDDB-4E28-B710-AC247887BDDA}.Release|Any CPU.ActiveCfg = Release|Any CPU
		{3467B3B3-FDDB-4E28-B710-AC247887BDDA}.Release|Any CPU.Build.0 = Release|Any CPU
		{0038DCEE-543F-49BE-A2CC-788E82BA0534}.Debug|Any CPU.ActiveCfg = Debug|Any CPU
		{0038DCEE-543F-49BE-A2CC-788E82BA0534}.Debug|Any CPU.Build.0 = Debug|Any CPU
		{0038DCEE-543F-49BE-A2CC-788E82BA0534}.Release|Any CPU.ActiveCfg = Release|Any CPU
		{0038DCEE-543F-49BE-A2CC-788E82BA0534}.Release|Any CPU.Build.0 = Release|Any CPU
	EndGlobalSection
	GlobalSection(SolutionProperties) = preSolution
		HideSolutionNode = FALSE
	EndGlobalSection
	GlobalSection(ExtensibilityGlobals) = postSolution
		SolutionGuid = {D0B33654-2E96-4B07-A899-A783C2572715}
	EndGlobalSection
EndGlobal
