
Microsoft Visual Studio Solution File, Format Version 12.00
# Visual Studio Version 16
VisualStudioVersion = 16.0.30709.132
MinimumVisualStudioVersion = 10.0.40219.1
Project("{FAE04EC0-301F-11D3-BF4B-00C04F79EFBC}") = "2021TEST", "2021TEST.csproj", "{82123DB0-8FA9-44C1-8888-63D2741A0452}"
EndProject
Project("{FAE04EC0-301F-11D3-BF4B-00C04F79EFBC}") = "TEST2021_8", "..\TEST2021_8\TEST2021_8.csproj", "{F072D627-BFDB-4BB3-8F50-95A097F19224}"
EndProject
Project("{FAE04EC0-301F-11D3-BF4B-00C04F79EFBC}") = "TEST2021_3", "..\TEST2021_3\TEST2021_3.csproj", "{3FF36547-8A35-43E7-9AF3-CF4933698449}"
EndProject
Project("{FAE04EC0-301F-11D3-BF4B-00C04F79EFBC}") = "TEST2021_7", "..\TEST2021_7\TEST2021_7.csproj", "{26C939F6-8AB2-46E1-9239-0D7D3493BFD6}"
EndProject
Project("{FAE04EC0-301F-11D3-BF4B-00C04F79EFBC}") = "TEST2021_2", "..\TEST2021_2\TEST2021_2.csproj", "{4085B4F3-7850-4174-B3C8-9B57C5F23164}"
EndProject
Project("{FAE04EC0-301F-11D3-BF4B-00C04F79EFBC}") = "TEST2021_4", "..\TEST2021_4\TEST2021_4.csproj", "{0BE5CA87-A44F-4B31-8B86-1DE4B5E6A600}"
EndProject
Project("{FAE04EC0-301F-11D3-BF4B-00C04F79EFBC}") = "TEST2021_9", "..\TEST2021_9\TEST2021_9.csproj", "{22BE8982-D8C2-42CB-B3C5-229601837567}"
EndProject
Project("{FAE04EC0-301F-11D3-BF4B-00C04F79EFBC}") = "TEST2021_10", "..\TEST2021_10\TEST2021_10.csproj", "{9528D22D-F176-4F38-A63E-D0F841403BEB}"
EndProject
Global
	GlobalSection(SolutionConfigurationPlatforms) = preSolution
		Debug|Any CPU = Debug|Any CPU
		Release|Any CPU = Release|Any CPU
	EndGlobalSection
	GlobalSection(ProjectConfigurationPlatforms) = postSolution
		{82123DB0-8FA9-44C1-8888-63D2741A0452}.Debug|Any CPU.ActiveCfg = Debug|Any CPU
		{82123DB0-8FA9-44C1-8888-63D2741A0452}.Debug|Any CPU.Build.0 = Debug|Any CPU
		{82123DB0-8FA9-44C1-8888-63D2741A0452}.Release|Any CPU.ActiveCfg = Release|Any CPU
		{82123DB0-8FA9-44C1-8888-63D2741A0452}.Release|Any CPU.Build.0 = Release|Any CPU
		{F072D627-BFDB-4BB3-8F50-95A097F19224}.Debug|Any CPU.ActiveCfg = Debug|Any CPU
		{F072D627-BFDB-4BB3-8F50-95A097F19224}.Debug|Any CPU.Build.0 = Debug|Any CPU
		{F072D627-BFDB-4BB3-8F50-95A097F19224}.Release|Any CPU.ActiveCfg = Release|Any CPU
		{F072D627-BFDB-4BB3-8F50-95A097F19224}.Release|Any CPU.Build.0 = Release|Any CPU
		{3FF36547-8A35-43E7-9AF3-CF4933698449}.Debug|Any CPU.ActiveCfg = Debug|Any CPU
		{3FF36547-8A35-43E7-9AF3-CF4933698449}.Debug|Any CPU.Build.0 = Debug|Any CPU
		{3FF36547-8A35-43E7-9AF3-CF4933698449}.Release|Any CPU.ActiveCfg = Release|Any CPU
		{3FF36547-8A35-43E7-9AF3-CF4933698449}.Release|Any CPU.Build.0 = Release|Any CPU
		{26C939F6-8AB2-46E1-9239-0D7D3493BFD6}.Debug|Any CPU.ActiveCfg = Debug|Any CPU
		{26C939F6-8AB2-46E1-9239-0D7D3493BFD6}.Debug|Any CPU.Build.0 = Debug|Any CPU
		{26C939F6-8AB2-46E1-9239-0D7D3493BFD6}.Release|Any CPU.ActiveCfg = Release|Any CPU
		{26C939F6-8AB2-46E1-9239-0D7D3493BFD6}.Release|Any CPU.Build.0 = Release|Any CPU
		{4085B4F3-7850-4174-B3C8-9B57C5F23164}.Debug|Any CPU.ActiveCfg = Debug|Any CPU
		{4085B4F3-7850-4174-B3C8-9B57C5F23164}.Debug|Any CPU.Build.0 = Debug|Any CPU
		{4085B4F3-7850-4174-B3C8-9B57C5F23164}.Release|Any CPU.ActiveCfg = Release|Any CPU
		{4085B4F3-7850-4174-B3C8-9B57C5F23164}.Release|Any CPU.Build.0 = Release|Any CPU
		{0BE5CA87-A44F-4B31-8B86-1DE4B5E6A600}.Debug|Any CPU.ActiveCfg = Debug|Any CPU
		{0BE5CA87-A44F-4B31-8B86-1DE4B5E6A600}.Debug|Any CPU.Build.0 = Debug|Any CPU
		{0BE5CA87-A44F-4B31-8B86-1DE4B5E6A600}.Release|Any CPU.ActiveCfg = Release|Any CPU
		{0BE5CA87-A44F-4B31-8B86-1DE4B5E6A600}.Release|Any CPU.Build.0 = Release|Any CPU
		{22BE8982-D8C2-42CB-B3C5-229601837567}.Debug|Any CPU.ActiveCfg = Debug|Any CPU
		{22BE8982-D8C2-42CB-B3C5-229601837567}.Debug|Any CPU.Build.0 = Debug|Any CPU
		{22BE8982-D8C2-42CB-B3C5-229601837567}.Release|Any CPU.ActiveCfg = Release|Any CPU
		{22BE8982-D8C2-42CB-B3C5-229601837567}.Release|Any CPU.Build.0 = Release|Any CPU
		{9528D22D-F176-4F38-A63E-D0F841403BEB}.Debug|Any CPU.ActiveCfg = Debug|Any CPU
		{9528D22D-F176-4F38-A63E-D0F841403BEB}.Debug|Any CPU.Build.0 = Debug|Any CPU
		{9528D22D-F176-4F38-A63E-D0F841403BEB}.Release|Any CPU.ActiveCfg = Release|Any CPU
		{9528D22D-F176-4F38-A63E-D0F841403BEB}.Release|Any CPU.Build.0 = Release|Any CPU
	EndGlobalSection
	GlobalSection(SolutionProperties) = preSolution
		HideSolutionNode = FALSE
	EndGlobalSection
	GlobalSection(ExtensibilityGlobals) = postSolution
		SolutionGuid = {88F12F24-45AC-4AC6-99AD-09DAF4DC51C4}
	EndGlobalSection
EndGlobal
