
Microsoft Visual Studio Solution File, Format Version 12.00
# Visual Studio Version 16
VisualStudioVersion = 16.0.30907.101
MinimumVisualStudioVersion = 10.0.40219.1
Project("{FAE04EC0-301F-11D3-BF4B-00C04F79EFBC}") = "побитови", "побитови.csproj", "{CF7981E7-C564-4020-AF44-298FF0EC2B42}"
EndProject
Project("{FAE04EC0-301F-11D3-BF4B-00C04F79EFBC}") = "Побитови маски", "..\Побитови маски\Побитови маски.csproj", "{C8F9A805-2677-428D-8C2E-7D4B6799B10F}"
EndProject
Project("{FAE04EC0-301F-11D3-BF4B-00C04F79EFBC}") = "Задача_побитова", "..\Задача_побитова\Задача_побитова.csproj", "{D55F714F-9F18-435B-864B-23DB82BA85C9}"
EndProject
Global
	GlobalSection(SolutionConfigurationPlatforms) = preSolution
		Debug|Any CPU = Debug|Any CPU
		Release|Any CPU = Release|Any CPU
	EndGlobalSection
	GlobalSection(ProjectConfigurationPlatforms) = postSolution
		{CF7981E7-C564-4020-AF44-298FF0EC2B42}.Debug|Any CPU.ActiveCfg = Debug|Any CPU
		{CF7981E7-C564-4020-AF44-298FF0EC2B42}.Debug|Any CPU.Build.0 = Debug|Any CPU
		{CF7981E7-C564-4020-AF44-298FF0EC2B42}.Release|Any CPU.ActiveCfg = Release|Any CPU
		{CF7981E7-C564-4020-AF44-298FF0EC2B42}.Release|Any CPU.Build.0 = Release|Any CPU
		{C8F9A805-2677-428D-8C2E-7D4B6799B10F}.Debug|Any CPU.ActiveCfg = Debug|Any CPU
		{C8F9A805-2677-428D-8C2E-7D4B6799B10F}.Debug|Any CPU.Build.0 = Debug|Any CPU
		{C8F9A805-2677-428D-8C2E-7D4B6799B10F}.Release|Any CPU.ActiveCfg = Release|Any CPU
		{C8F9A805-2677-428D-8C2E-7D4B6799B10F}.Release|Any CPU.Build.0 = Release|Any CPU
		{D55F714F-9F18-435B-864B-23DB82BA85C9}.Debug|Any CPU.ActiveCfg = Debug|Any CPU
		{D55F714F-9F18-435B-864B-23DB82BA85C9}.Debug|Any CPU.Build.0 = Debug|Any CPU
		{D55F714F-9F18-435B-864B-23DB82BA85C9}.Release|Any CPU.ActiveCfg = Release|Any CPU
		{D55F714F-9F18-435B-864B-23DB82BA85C9}.Release|Any CPU.Build.0 = Release|Any CPU
	EndGlobalSection
	GlobalSection(SolutionProperties) = preSolution
		HideSolutionNode = FALSE
	EndGlobalSection
	GlobalSection(ExtensibilityGlobals) = postSolution
		SolutionGuid = {CC11D862-C803-4E26-A63E-7E11AA4B4877}
	EndGlobalSection
EndGlobal
