
Microsoft Visual Studio Solution File, Format Version 12.00
# Visual Studio Version 16
VisualStudioVersion = 16.0.31613.86
MinimumVisualStudioVersion = 10.0.40219.1
Project("{9A19103F-16F7-4668-BE54-9A1E7A4F7556}") = "Snake_Moves", "Snake_Moves.csproj", "{309AB91E-C3D2-4790-A0B9-3A80DEE24AEF}"
EndProject
Global
	GlobalSection(SolutionConfigurationPlatforms) = preSolution
		Debug|Any CPU = Debug|Any CPU
		Release|Any CPU = Release|Any CPU
	EndGlobalSection
	GlobalSection(ProjectConfigurationPlatforms) = postSolution
		{309AB91E-C3D2-4790-A0B9-3A80DEE24AEF}.Debug|Any CPU.ActiveCfg = Debug|Any CPU
		{309AB91E-C3D2-4790-A0B9-3A80DEE24AEF}.Debug|Any CPU.Build.0 = Debug|Any CPU
		{309AB91E-C3D2-4790-A0B9-3A80DEE24AEF}.Release|Any CPU.ActiveCfg = Release|Any CPU
		{309AB91E-C3D2-4790-A0B9-3A80DEE24AEF}.Release|Any CPU.Build.0 = Release|Any CPU
	EndGlobalSection
	GlobalSection(SolutionProperties) = preSolution
		HideSolutionNode = FALSE
	EndGlobalSection
	GlobalSection(ExtensibilityGlobals) = postSolution
		SolutionGuid = {9914D241-3120-4FE6-8A87-F1CBC823EAB5}
	EndGlobalSection
EndGlobal
