
Microsoft Visual Studio Solution File, Format Version 12.00
# Visual Studio Version 16
VisualStudioVersion = 16.0.30709.132
MinimumVisualStudioVersion = 10.0.40219.1
Project("{FAE04EC0-301F-11D3-BF4B-00C04F79EFBC}") = "17.Last2020", "17.Last2020.csproj", "{41D3290E-0C76-4023-A8A8-49F36FFFC92D}"
EndProject
Global
	GlobalSection(SolutionConfigurationPlatforms) = preSolution
		Debug|Any CPU = Debug|Any CPU
		Release|Any CPU = Release|Any CPU
	EndGlobalSection
	GlobalSection(ProjectConfigurationPlatforms) = postSolution
		{41D3290E-0C76-4023-A8A8-49F36FFFC92D}.Debug|Any CPU.ActiveCfg = Debug|Any CPU
		{41D3290E-0C76-4023-A8A8-49F36FFFC92D}.Debug|Any CPU.Build.0 = Debug|Any CPU
		{41D3290E-0C76-4023-A8A8-49F36FFFC92D}.Release|Any CPU.ActiveCfg = Release|Any CPU
		{41D3290E-0C76-4023-A8A8-49F36FFFC92D}.Release|Any CPU.Build.0 = Release|Any CPU
	EndGlobalSection
	GlobalSection(SolutionProperties) = preSolution
		HideSolutionNode = FALSE
	EndGlobalSection
	GlobalSection(ExtensibilityGlobals) = postSolution
		SolutionGuid = {8B969D7A-A581-450A-A786-5A85F04ACD6D}
	EndGlobalSection
EndGlobal
