
Microsoft Visual Studio Solution File, Format Version 12.00
# Visual Studio Version 16
VisualStudioVersion = 16.0.29806.167
MinimumVisualStudioVersion = 10.0.40219.1
Project("{FAE04EC0-301F-11D3-BF4B-00C04F79EFBC}") = "ConsoleApp4", "ConsoleApp4.csproj", "{DB44CADA-855E-4AA4-8B9A-BCBFDF618BA5}"
EndProject
Global
	GlobalSection(SolutionConfigurationPlatforms) = preSolution
		Debug|Any CPU = Debug|Any CPU
		Release|Any CPU = Release|Any CPU
	EndGlobalSection
	GlobalSection(ProjectConfigurationPlatforms) = postSolution
		{DB44CADA-855E-4AA4-8B9A-BCBFDF618BA5}.Debug|Any CPU.ActiveCfg = Debug|Any CPU
		{DB44CADA-855E-4AA4-8B9A-BCBFDF618BA5}.Debug|Any CPU.Build.0 = Debug|Any CPU
		{DB44CADA-855E-4AA4-8B9A-BCBFDF618BA5}.Release|Any CPU.ActiveCfg = Release|Any CPU
		{DB44CADA-855E-4AA4-8B9A-BCBFDF618BA5}.Release|Any CPU.Build.0 = Release|Any CPU
	EndGlobalSection
	GlobalSection(SolutionProperties) = preSolution
		HideSolutionNode = FALSE
	EndGlobalSection
	GlobalSection(ExtensibilityGlobals) = postSolution
		SolutionGuid = {ED3DC3D1-F7F7-446A-B8C2-10EACFAF4FA3}
	EndGlobalSection
EndGlobal
